// !$*UTF8*$!
{
	archiveVersion = 1;
	classes = {
	};
	objectVersion = 48;
	objects = {

/* Begin PBXBuildFile section */
		C410036E2DAE484E73B8FB6B /* Wechat.m in Sources */ = {isa = PBXBuildFile; fileRef = C41003519F92E5332BBBFA27 /* Wechat.m */; };
		C41003D87652FDBED9F27092 /* Contacts.m in Sources */ = {isa = PBXBuildFile; fileRef = C4100718B74E46BFFEA02BD5 /* Contacts.m */; };
		C410048210C504A20B60B04D /* message.jpg in Resources */ = {isa = PBXBuildFile; fileRef = C4100B6AB3856B18C4084D78 /* message.jpg */; };
		C41005F4EE438521D33D6104 /* Contacts.plist in Resources */ = {isa = PBXBuildFile; fileRef = C41009A0E526100D2615174D /* Contacts.plist */; };
		C41006E0FB852A846EAD22FF /* Me.m in Sources */ = {isa = PBXBuildFile; fileRef = C4100766ACEA00F69EC2D39D /* Me.m */; };
		C41007929DC1126257316C0E /* Main.storyboard in Resources */ = {isa = PBXBuildFile; fileRef = C41009112338BE0BDFFE371F /* Main.storyboard */; };
		C41007940EEFA4BE4FCB757E /* MessageCell.m in Sources */ = {isa = PBXBuildFile; fileRef = C410099791C0B59618E935EE /* MessageCell.m */; };
		C4100858FEBC27FC63E7259D /* Messages.plist in Resources */ = {isa = PBXBuildFile; fileRef = C4100A80EAFEBD64647E2398 /* Messages.plist */; };
		C410088989F85637E3AE15DD /* WeChatCode.xcdatamodeld in Sources */ = {isa = PBXBuildFile; fileRef = C4100F11A6426016A9FA68DD /* WeChatCode.xcdatamodeld */; };
		C41008FED0C105D7260FBCE2 /* ContactsCell.m in Sources */ = {isa = PBXBuildFile; fileRef = C4100C1249E180E2C8A519EA /* ContactsCell.m */; };
		C410092D70677F2418623BA6 /* Find.m in Sources */ = {isa = PBXBuildFile; fileRef = C4100D81C46CA3A55BFB692D /* Find.m */; };
		C4100A07910A8A5E7F3C2E2D /* Assets.xcassets in Resources */ = {isa = PBXBuildFile; fileRef = C410009233BB44F08E53601C /* Assets.xcassets */; };
		C4100B790BFDA45739E423D4 /* NSString+PinYin.m in Sources */ = {isa = PBXBuildFile; fileRef = C410032D16AB8EAE49776D7A /* NSString+PinYin.m */; };
		C4100D92127D88089100C378 /* main.m in Sources */ = {isa = PBXBuildFile; fileRef = C41001D7061B74B1C7D8C50D /* main.m */; };
		C4100E01512ADA3B8F865CC0 /* LaunchScreen.storyboard in Resources */ = {isa = PBXBuildFile; fileRef = C410013D924E2AF8621CA3ED /* LaunchScreen.storyboard */; };
		C4100E202519AE53E702C52E /* UserselfCell.m in Sources */ = {isa = PBXBuildFile; fileRef = C410086339AF29A3302DCD6E /* UserselfCell.m */; };
		C4100E60CCA464F689ECC90B /* AppDelegate.m in Sources */ = {isa = PBXBuildFile; fileRef = C41005400682D378D68FB085 /* AppDelegate.m */; };
		FAA4BBBE206621A3005859EA /* WeChatCodeTests.m in Sources */ = {isa = PBXBuildFile; fileRef = FAA4BBBD206621A3005859EA /* WeChatCodeTests.m */; };
		FAA4BBC9206621A4005859EA /* WeChatCodeUITests.m in Sources */ = {isa = PBXBuildFile; fileRef = FAA4BBC8206621A4005859EA /* WeChatCodeUITests.m */; };
/* End PBXBuildFile section */

/* Begin PBXContainerItemProxy section */
		FAA4BBBA206621A3005859EA /* PBXContainerItemProxy */ = {
			isa = PBXContainerItemProxy;
			containerPortal = FAA4BB96206621A3005859EA /* Project object */;
			proxyType = 1;
			remoteGlobalIDString = FAA4BB9D206621A3005859EA;
			remoteInfo = WeChatCode;
		};
		FAA4BBC5206621A4005859EA /* PBXContainerItemProxy */ = {
			isa = PBXContainerItemProxy;
			containerPortal = FAA4BB96206621A3005859EA /* Project object */;
			proxyType = 1;
			remoteGlobalIDString = FAA4BB9D206621A3005859EA;
			remoteInfo = WeChatCode;
		};
/* End PBXContainerItemProxy section */

/* Begin PBXFileReference section */
		C410009233BB44F08E53601C /* Assets.xcassets */ = {isa = PBXFileReference; lastKnownFileType = folder.assetcatalog; path = Assets.xcassets; sourceTree = "<group>"; };
		C41001D7061B74B1C7D8C50D /* main.m */ = {isa = PBXFileReference; fileEncoding = 4; lastKnownFileType = sourcecode.c.objc; path = main.m; sourceTree = "<group>"; };
		C4100205443F87D5F05EAA4E /* Base */ = {isa = PBXFileReference; lastKnownFileType = file.storyboard; name = Base; path = Base.lproj/Main.storyboard; sourceTree = "<group>"; };
		C410029EAB9340EE3A8C8E02 /* AppDelegate.h */ = {isa = PBXFileReference; fileEncoding = 4; lastKnownFileType = sourcecode.c.h; path = AppDelegate.h; sourceTree = "<group>"; };
		C410032D16AB8EAE49776D7A /* NSString+PinYin.m */ = {isa = PBXFileReference; fileEncoding = 4; lastKnownFileType = sourcecode.c.objc; path = "NSString+PinYin.m"; sourceTree = "<group>"; };
		C41003519F92E5332BBBFA27 /* Wechat.m */ = {isa = PBXFileReference; fileEncoding = 4; lastKnownFileType = sourcecode.c.objc; path = Wechat.m; sourceTree = "<group>"; };
		C41005400682D378D68FB085 /* AppDelegate.m */ = {isa = PBXFileReference; fileEncoding = 4; lastKnownFileType = sourcecode.c.objc; path = AppDelegate.m; sourceTree = "<group>"; };
		C41006BF824742B1590DC988 /* UserselfCell.h */ = {isa = PBXFileReference; fileEncoding = 4; lastKnownFileType = sourcecode.c.h; path = UserselfCell.h; sourceTree = "<group>"; };
		C4100718B74E46BFFEA02BD5 /* Contacts.m */ = {isa = PBXFileReference; fileEncoding = 4; lastKnownFileType = sourcecode.c.objc; path = Contacts.m; sourceTree = "<group>"; };
		C4100766ACEA00F69EC2D39D /* Me.m */ = {isa = PBXFileReference; fileEncoding = 4; lastKnownFileType = sourcecode.c.objc; path = Me.m; sourceTree = "<group>"; };
		C4100803F2A55BBDAAC25938 /* Find.h */ = {isa = PBXFileReference; fileEncoding = 4; lastKnownFileType = sourcecode.c.h; path = Find.h; sourceTree = "<group>"; };
		C410086339AF29A3302DCD6E /* UserselfCell.m */ = {isa = PBXFileReference; fileEncoding = 4; lastKnownFileType = sourcecode.c.objc; path = UserselfCell.m; sourceTree = "<group>"; };
		C41008C3B64D79387243D750 /* WeChatCode.xcdatamodel */ = {isa = PBXFileReference; lastKnownFileType = wrapper.xcdatamodel; path = WeChatCode.xcdatamodel; sourceTree = "<group>"; };
		C4100990624847C86F2B2B90 /* Info.plist */ = {isa = PBXFileReference; fileEncoding = 4; lastKnownFileType = text.plist.info; path = Info.plist; sourceTree = "<group>"; };
		C410099791C0B59618E935EE /* MessageCell.m */ = {isa = PBXFileReference; fileEncoding = 4; lastKnownFileType = sourcecode.c.objc; path = MessageCell.m; sourceTree = "<group>"; };
		C41009A0E526100D2615174D /* Contacts.plist */ = {isa = PBXFileReference; fileEncoding = 4; lastKnownFileType = text.plist; path = Contacts.plist; sourceTree = "<group>"; };
		C4100A80EAFEBD64647E2398 /* Messages.plist */ = {isa = PBXFileReference; fileEncoding = 4; lastKnownFileType = text.plist; path = Messages.plist; sourceTree = "<group>"; };
		C4100AF99AE6316EE2902862 /* Wechat.h */ = {isa = PBXFileReference; fileEncoding = 4; lastKnownFileType = sourcecode.c.h; path = Wechat.h; sourceTree = "<group>"; };
		C4100B1145E0BF2AFF5DE647 /* NSString+PinYin.h */ = {isa = PBXFileReference; fileEncoding = 4; lastKnownFileType = sourcecode.c.h; path = "NSString+PinYin.h"; sourceTree = "<group>"; };
		C4100B6AB3856B18C4084D78 /* message.jpg */ = {isa = PBXFileReference; lastKnownFileType = image.jpeg; path = message.jpg; sourceTree = "<group>"; };
		C4100C1249E180E2C8A519EA /* ContactsCell.m */ = {isa = PBXFileReference; fileEncoding = 4; lastKnownFileType = sourcecode.c.objc; path = ContactsCell.m; sourceTree = "<group>"; };
		C4100CEC11DD5C542E80A7EA /* ContactsCell.h */ = {isa = PBXFileReference; fileEncoding = 4; lastKnownFileType = sourcecode.c.h; path = ContactsCell.h; sourceTree = "<group>"; };
		C4100D02EBF1EB01D83BCD4A /* Contacts.h */ = {isa = PBXFileReference; fileEncoding = 4; lastKnownFileType = sourcecode.c.h; path = Contacts.h; sourceTree = "<group>"; };
		C4100D48465FCFE6D0F12E2F /* Base */ = {isa = PBXFileReference; lastKnownFileType = file.storyboard; name = Base; path = Base.lproj/LaunchScreen.storyboard; sourceTree = "<group>"; };
		C4100D81C46CA3A55BFB692D /* Find.m */ = {isa = PBXFileReference; fileEncoding = 4; lastKnownFileType = sourcecode.c.objc; path = Find.m; sourceTree = "<group>"; };
		C4100DFDAD8C48B88ED02B44 /* MessageCell.h */ = {isa = PBXFileReference; fileEncoding = 4; lastKnownFileType = sourcecode.c.h; path = MessageCell.h; sourceTree = "<group>"; };
		C4100EB0569A96599088573A /* Me.h */ = {isa = PBXFileReference; fileEncoding = 4; lastKnownFileType = sourcecode.c.h; path = Me.h; sourceTree = "<group>"; };
		FAA4BB9E206621A3005859EA /* WeChatCode.app */ = {isa = PBXFileReference; explicitFileType = wrapper.application; includeInIndex = 0; path = WeChatCode.app; sourceTree = BUILT_PRODUCTS_DIR; };
		FAA4BBB9206621A3005859EA /* WeChatCodeTests.xctest */ = {isa = PBXFileReference; explicitFileType = wrapper.cfbundle; includeInIndex = 0; path = WeChatCodeTests.xctest; sourceTree = BUILT_PRODUCTS_DIR; };
		FAA4BBBD206621A3005859EA /* WeChatCodeTests.m */ = {isa = PBXFileReference; lastKnownFileType = sourcecode.c.objc; path = WeChatCodeTests.m; sourceTree = "<group>"; };
		FAA4BBBF206621A3005859EA /* Info.plist */ = {isa = PBXFileReference; lastKnownFileType = text.plist.xml; path = Info.plist; sourceTree = "<group>"; };
		FAA4BBC4206621A4005859EA /* WeChatCodeUITests.xctest */ = {isa = PBXFileReference; explicitFileType = wrapper.cfbundle; includeInIndex = 0; path = WeChatCodeUITests.xctest; sourceTree = BUILT_PRODUCTS_DIR; };
		FAA4BBC8206621A4005859EA /* WeChatCodeUITests.m */ = {isa = PBXFileReference; lastKnownFileType = sourcecode.c.objc; path = WeChatCodeUITests.m; sourceTree = "<group>"; };
		FAA4BBCA206621A4005859EA /* Info.plist */ = {isa = PBXFileReference; lastKnownFileType = text.plist.xml; path = Info.plist; sourceTree = "<group>"; };
/* End PBXFileReference section */

/* Begin PBXFrameworksBuildPhase section */
		FAA4BB9B206621A3005859EA /* Frameworks */ = {
			isa = PBXFrameworksBuildPhase;
			buildActionMask = 2147483647;
			files = (
			);
			runOnlyForDeploymentPostprocessing = 0;
		};
		FAA4BBB6206621A3005859EA /* Frameworks */ = {
			isa = PBXFrameworksBuildPhase;
			buildActionMask = 2147483647;
			files = (
			);
			runOnlyForDeploymentPostprocessing = 0;
		};
		FAA4BBC1206621A4005859EA /* Frameworks */ = {
			isa = PBXFrameworksBuildPhase;
			buildActionMask = 2147483647;
			files = (
			);
			runOnlyForDeploymentPostprocessing = 0;
		};
/* End PBXFrameworksBuildPhase section */

/* Begin PBXGroup section */
		C41004F8CABFB61A239F8743 /* WeChatCode */ = {
			isa = PBXGroup;
			children = (
				C410029EAB9340EE3A8C8E02 /* AppDelegate.h */,
				C41005400682D378D68FB085 /* AppDelegate.m */,
				C41009112338BE0BDFFE371F /* Main.storyboard */,
				C410009233BB44F08E53601C /* Assets.xcassets */,
				C410013D924E2AF8621CA3ED /* LaunchScreen.storyboard */,
				C4100990624847C86F2B2B90 /* Info.plist */,
				C41001D7061B74B1C7D8C50D /* main.m */,
				C4100F11A6426016A9FA68DD /* WeChatCode.xcdatamodeld */,
				C4100AF99AE6316EE2902862 /* Wechat.h */,
				C41003519F92E5332BBBFA27 /* Wechat.m */,
				C4100D02EBF1EB01D83BCD4A /* Contacts.h */,
				C4100718B74E46BFFEA02BD5 /* Contacts.m */,
				C4100D81C46CA3A55BFB692D /* Find.m */,
				C4100803F2A55BBDAAC25938 /* Find.h */,
				C4100766ACEA00F69EC2D39D /* Me.m */,
				C4100EB0569A96599088573A /* Me.h */,
				C4100DFDAD8C48B88ED02B44 /* MessageCell.h */,
				C410099791C0B59618E935EE /* MessageCell.m */,
				C4100B6AB3856B18C4084D78 /* message.jpg */,
				C41009A0E526100D2615174D /* Contacts.plist */,
				C4100A80EAFEBD64647E2398 /* Messages.plist */,
				C4100C1249E180E2C8A519EA /* ContactsCell.m */,
				C4100CEC11DD5C542E80A7EA /* ContactsCell.h */,
				C4100AD2C04B7C0BBE1F368D /* NSString+PinYin */,
				C410086339AF29A3302DCD6E /* UserselfCell.m */,
				C41006BF824742B1590DC988 /* UserselfCell.h */,
			);
			path = WeChatCode;
			sourceTree = "<group>";
		};
		C4100AD2C04B7C0BBE1F368D /* NSString+PinYin */ = {
			isa = PBXGroup;
			children = (
				C4100B1145E0BF2AFF5DE647 /* NSString+PinYin.h */,
				C410032D16AB8EAE49776D7A /* NSString+PinYin.m */,
			);
			path = "NSString+PinYin";
			sourceTree = "<group>";
		};
		FAA4BB95206621A3005859EA = {
			isa = PBXGroup;
			children = (
				FAA4BBBC206621A3005859EA /* WeChatCodeTests */,
				FAA4BBC7206621A4005859EA /* WeChatCodeUITests */,
				FAA4BB9F206621A3005859EA /* Products */,
				C41004F8CABFB61A239F8743 /* WeChatCode */,
			);
			sourceTree = "<group>";
		};
		FAA4BB9F206621A3005859EA /* Products */ = {
			isa = PBXGroup;
			children = (
				FAA4BB9E206621A3005859EA /* WeChatCode.app */,
				FAA4BBB9206621A3005859EA /* WeChatCodeTests.xctest */,
				FAA4BBC4206621A4005859EA /* WeChatCodeUITests.xctest */,
			);
			name = Products;
			sourceTree = "<group>";
		};
		FAA4BBBC206621A3005859EA /* WeChatCodeTests */ = {
			isa = PBXGroup;
			children = (
				FAA4BBBD206621A3005859EA /* WeChatCodeTests.m */,
				FAA4BBBF206621A3005859EA /* Info.plist */,
			);
			path = WeChatCodeTests;
			sourceTree = "<group>";
		};
		FAA4BBC7206621A4005859EA /* WeChatCodeUITests */ = {
			isa = PBXGroup;
			children = (
				FAA4BBC8206621A4005859EA /* WeChatCodeUITests.m */,
				FAA4BBCA206621A4005859EA /* Info.plist */,
			);
			path = WeChatCodeUITests;
			sourceTree = "<group>";
		};
/* End PBXGroup section */

/* Begin PBXNativeTarget section */
		FAA4BB9D206621A3005859EA /* WeChatCode */ = {
			isa = PBXNativeTarget;
			buildConfigurationList = FAA4BBCD206621A4005859EA /* Build configuration list for PBXNativeTarget "WeChatCode" */;
			buildPhases = (
				FAA4BB9A206621A3005859EA /* Sources */,
				FAA4BB9B206621A3005859EA /* Frameworks */,
				FAA4BB9C206621A3005859EA /* Resources */,
			);
			buildRules = (
			);
			dependencies = (
			);
			name = WeChatCode;
			productName = WeChatCode;
			productReference = FAA4BB9E206621A3005859EA /* WeChatCode.app */;
			productType = "com.apple.product-type.application";
		};
		FAA4BBB8206621A3005859EA /* WeChatCodeTests */ = {
			isa = PBXNativeTarget;
			buildConfigurationList = FAA4BBD0206621A4005859EA /* Build configuration list for PBXNativeTarget "WeChatCodeTests" */;
			buildPhases = (
				FAA4BBB5206621A3005859EA /* Sources */,
				FAA4BBB6206621A3005859EA /* Frameworks */,
				FAA4BBB7206621A3005859EA /* Resources */,
			);
			buildRules = (
			);
			dependencies = (
				FAA4BBBB206621A3005859EA /* PBXTargetDependency */,
			);
			name = WeChatCodeTests;
			productName = WeChatCodeTests;
			productReference = FAA4BBB9206621A3005859EA /* WeChatCodeTests.xctest */;
			productType = "com.apple.product-type.bundle.unit-test";
		};
		FAA4BBC3206621A4005859EA /* WeChatCodeUITests */ = {
			isa = PBXNativeTarget;
			buildConfigurationList = FAA4BBD3206621A4005859EA /* Build configuration list for PBXNativeTarget "WeChatCodeUITests" */;
			buildPhases = (
				FAA4BBC0206621A4005859EA /* Sources */,
				FAA4BBC1206621A4005859EA /* Frameworks */,
				FAA4BBC2206621A4005859EA /* Resources */,
			);
			buildRules = (
			);
			dependencies = (
				FAA4BBC6206621A4005859EA /* PBXTargetDependency */,
			);
			name = WeChatCodeUITests;
			productName = WeChatCodeUITests;
			productReference = FAA4BBC4206621A4005859EA /* WeChatCodeUITests.xctest */;
			productType = "com.apple.product-type.bundle.ui-testing";
		};
/* End PBXNativeTarget section */

/* Begin PBXProject section */
		FAA4BB96206621A3005859EA /* Project object */ = {
			isa = PBXProject;
			attributes = {
				LastUpgradeCheck = 0920;
				ORGANIZATIONNAME = OurEDA;
				TargetAttributes = {
					FAA4BB9D206621A3005859EA = {
						CreatedOnToolsVersion = 9.2;
						ProvisioningStyle = Automatic;
					};
					FAA4BBB8206621A3005859EA = {
						CreatedOnToolsVersion = 9.2;
						ProvisioningStyle = Automatic;
						TestTargetID = FAA4BB9D206621A3005859EA;
					};
					FAA4BBC3206621A4005859EA = {
						CreatedOnToolsVersion = 9.2;
						ProvisioningStyle = Automatic;
						TestTargetID = FAA4BB9D206621A3005859EA;
					};
				};
			};
			buildConfigurationList = FAA4BB99206621A3005859EA /* Build configuration list for PBXProject "WeChatCode" */;
			compatibilityVersion = "Xcode 8.0";
			developmentRegion = en;
			hasScannedForEncodings = 0;
			knownRegions = (
				en,
				Base,
			);
			mainGroup = FAA4BB95206621A3005859EA;
			productRefGroup = FAA4BB9F206621A3005859EA /* Products */;
			projectDirPath = "";
			projectRoot = "";
			targets = (
				FAA4BB9D206621A3005859EA /* WeChatCode */,
				FAA4BBB8206621A3005859EA /* WeChatCodeTests */,
				FAA4BBC3206621A4005859EA /* WeChatCodeUITests */,
			);
		};
/* End PBXProject section */

/* Begin PBXResourcesBuildPhase section */
		FAA4BB9C206621A3005859EA /* Resources */ = {
			isa = PBXResourcesBuildPhase;
			buildActionMask = 2147483647;
			files = (
				C41007929DC1126257316C0E /* Main.storyboard in Resources */,
				C4100A07910A8A5E7F3C2E2D /* Assets.xcassets in Resources */,
				C4100E01512ADA3B8F865CC0 /* LaunchScreen.storyboard in Resources */,
				C410048210C504A20B60B04D /* message.jpg in Resources */,
				C41005F4EE438521D33D6104 /* Contacts.plist in Resources */,
				C4100858FEBC27FC63E7259D /* Messages.plist in Resources */,
			);
			runOnlyForDeploymentPostprocessing = 0;
		};
		FAA4BBB7206621A3005859EA /* Resources */ = {
			isa = PBXResourcesBuildPhase;
			buildActionMask = 2147483647;
			files = (
			);
			runOnlyForDeploymentPostprocessing = 0;
		};
		FAA4BBC2206621A4005859EA /* Resources */ = {
			isa = PBXResourcesBuildPhase;
			buildActionMask = 2147483647;
			files = (
			);
			runOnlyForDeploymentPostprocessing = 0;
		};
/* End PBXResourcesBuildPhase section */

/* Begin PBXSourcesBuildPhase section */
		FAA4BB9A206621A3005859EA /* Sources */ = {
			isa = PBXSourcesBuildPhase;
			buildActionMask = 2147483647;
			files = (
				C4100E60CCA464F689ECC90B /* AppDelegate.m in Sources */,
				C4100D92127D88089100C378 /* main.m in Sources */,
				C410088989F85637E3AE15DD /* WeChatCode.xcdatamodeld in Sources */,
				C410036E2DAE484E73B8FB6B /* Wechat.m in Sources */,
				C41003D87652FDBED9F27092 /* Contacts.m in Sources */,
				C410092D70677F2418623BA6 /* Find.m in Sources */,
				C41006E0FB852A846EAD22FF /* Me.m in Sources */,
				C41007940EEFA4BE4FCB757E /* MessageCell.m in Sources */,
				C41008FED0C105D7260FBCE2 /* ContactsCell.m in Sources */,
				C4100B790BFDA45739E423D4 /* NSString+PinYin.m in Sources */,
				C4100E202519AE53E702C52E /* UserselfCell.m in Sources */,
			);
			runOnlyForDeploymentPostprocessing = 0;
		};
		FAA4BBB5206621A3005859EA /* Sources */ = {
			isa = PBXSourcesBuildPhase;
			buildActionMask = 2147483647;
			files = (
				FAA4BBBE206621A3005859EA /* WeChatCodeTests.m in Sources */,
			);
			runOnlyForDeploymentPostprocessing = 0;
		};
		FAA4BBC0206621A4005859EA /* Sources */ = {
			isa = PBXSourcesBuildPhase;
			buildActionMask = 2147483647;
			files = (
				FAA4BBC9206621A4005859EA /* WeChatCodeUITests.m in Sources */,
			);
			runOnlyForDeploymentPostprocessing = 0;
		};
/* End PBXSourcesBuildPhase section */

/* Begin PBXTargetDependency section */
		FAA4BBBB206621A3005859EA /* PBXTargetDependency */ = {
			isa = PBXTargetDependency;
			target = FAA4BB9D206621A3005859EA /* WeChatCode */;
			targetProxy = FAA4BBBA206621A3005859EA /* PBXContainerItemProxy */;
		};
		FAA4BBC6206621A4005859EA /* PBXTargetDependency */ = {
			isa = PBXTargetDependency;
			target = FAA4BB9D206621A3005859EA /* WeChatCode */;
			targetProxy = FAA4BBC5206621A4005859EA /* PBXContainerItemProxy */;
		};
/* End PBXTargetDependency section */

/* Begin PBXVariantGroup section */
		C410013D924E2AF8621CA3ED /* LaunchScreen.storyboard */ = {
			isa = PBXVariantGroup;
			children = (
				C4100D48465FCFE6D0F12E2F /* Base */,
			);
			name = LaunchScreen.storyboard;
			sourceTree = "<group>";
		};
		C41009112338BE0BDFFE371F /* Main.storyboard */ = {
			isa = PBXVariantGroup;
			children = (
				C4100205443F87D5F05EAA4E /* Base */,
			);
			name = Main.storyboard;
			sourceTree = "<group>";
		};
/* End PBXVariantGroup section */

/* Begin XCBuildConfiguration section */
		FAA4BBCB206621A4005859EA /* Debug */ = {
			isa = XCBuildConfiguration;
			buildSettings = {
				ALWAYS_SEARCH_USER_PATHS = NO;
				CLANG_ANALYZER_NONNULL = YES;
				CLANG_ANALYZER_NUMBER_OBJECT_CONVERSION = YES_AGGRESSIVE;
				CLANG_CXX_LANGUAGE_STANDARD = "gnu++14";
				CLANG_CXX_LIBRARY = "libc++";
				CLANG_ENABLE_MODULES = YES;
				CLANG_ENABLE_OBJC_ARC = YES;
				CLANG_WARN_BLOCK_CAPTURE_AUTORELEASING = YES;
				CLANG_WARN_BOOL_CONVERSION = YES;
				CLANG_WARN_COMMA = YES;
				CLANG_WARN_CONSTANT_CONVERSION = YES;
				CLANG_WARN_DIRECT_OBJC_ISA_USAGE = YES_ERROR;
				CLANG_WARN_DOCUMENTATION_COMMENTS = YES;
				CLANG_WARN_EMPTY_BODY = YES;
				CLANG_WARN_ENUM_CONVERSION = YES;
				CLANG_WARN_INFINITE_RECURSION = YES;
				CLANG_WARN_INT_CONVERSION = YES;
				CLANG_WARN_NON_LITERAL_NULL_CONVERSION = YES;
				CLANG_WARN_OBJC_LITERAL_CONVERSION = YES;
				CLANG_WARN_OBJC_ROOT_CLASS = YES_ERROR;
				CLANG_WARN_RANGE_LOOP_ANALYSIS = YES;
				CLANG_WARN_STRICT_PROTOTYPES = YES;
				CLANG_WARN_SUSPICIOUS_MOVE = YES;
				CLANG_WARN_UNGUARDED_AVAILABILITY = YES_AGGRESSIVE;
				CLANG_WARN_UNREACHABLE_CODE = YES;
				CLANG_WARN__DUPLICATE_METHOD_MATCH = YES;
				CODE_SIGN_IDENTITY = "iPhone Developer";
				COPY_PHASE_STRIP = NO;
				DEBUG_INFORMATION_FORMAT = dwarf;
				ENABLE_STRICT_OBJC_MSGSEND = YES;
				ENABLE_TESTABILITY = YES;
				GCC_C_LANGUAGE_STANDARD = gnu11;
				GCC_DYNAMIC_NO_PIC = NO;
				GCC_NO_COMMON_BLOCKS = YES;
				GCC_OPTIMIZATION_LEVEL = 0;
				GCC_PREPROCESSOR_DEFINITIONS = (
					"DEBUG=1",
					"$(inherited)",
				);
				GCC_WARN_64_TO_32_BIT_CONVERSION = YES;
				GCC_WARN_ABOUT_RETURN_TYPE = YES_ERROR;
				GCC_WARN_UNDECLARED_SELECTOR = YES;
				GCC_WARN_UNINITIALIZED_AUTOS = YES_AGGRESSIVE;
				GCC_WARN_UNUSED_FUNCTION = YES;
				GCC_WARN_UNUSED_VARIABLE = YES;
				IPHONEOS_DEPLOYMENT_TARGET = 11.2;
				MTL_ENABLE_DEBUG_INFO = YES;
				ONLY_ACTIVE_ARCH = YES;
				SDKROOT = iphoneos;
			};
			name = Debug;
		};
		FAA4BBCC206621A4005859EA /* Release */ = {
			isa = XCBuildConfiguration;
			buildSettings = {
				ALWAYS_SEARCH_USER_PATHS = NO;
				CLANG_ANALYZER_NONNULL = YES;
				CLANG_ANALYZER_NUMBER_OBJECT_CONVERSION = YES_AGGRESSIVE;
				CLANG_CXX_LANGUAGE_STANDARD = "gnu++14";
				CLANG_CXX_LIBRARY = "libc++";
				CLANG_ENABLE_MODULES = YES;
				CLANG_ENABLE_OBJC_ARC = YES;
				CLANG_WARN_BLOCK_CAPTURE_AUTORELEASING = YES;
				CLANG_WARN_BOOL_CONVERSION = YES;
				CLANG_WARN_COMMA = YES;
				CLANG_WARN_CONSTANT_CONVERSION = YES;
				CLANG_WARN_DIRECT_OBJC_ISA_USAGE = YES_ERROR;
				CLANG_WARN_DOCUMENTATION_COMMENTS = YES;
				CLANG_WARN_EMPTY_BODY = YES;
				CLANG_WARN_ENUM_CONVERSION = YES;
				CLANG_WARN_INFINITE_RECURSION = YES;
				CLANG_WARN_INT_CONVERSION = YES;
				CLANG_WARN_NON_LITERAL_NULL_CONVERSION = YES;
				CLANG_WARN_OBJC_LITERAL_CONVERSION = YES;
				CLANG_WARN_OBJC_ROOT_CLASS = YES_ERROR;
				CLANG_WARN_RANGE_LOOP_ANALYSIS = YES;
				CLANG_WARN_STRICT_PROTOTYPES = YES;
				CLANG_WARN_SUSPICIOUS_MOVE = YES;
				CLANG_WARN_UNGUARDED_AVAILABILITY = YES_AGGRESSIVE;
				CLANG_WARN_UNREACHABLE_CODE = YES;
				CLANG_WARN__DUPLICATE_METHOD_MATCH = YES;
				CODE_SIGN_IDENTITY = "iPhone Developer";
				COPY_PHASE_STRIP = NO;
				DEBUG_INFORMATION_FORMAT = "dwarf-with-dsym";
				ENABLE_NS_ASSERTIONS = NO;
				ENABLE_STRICT_OBJC_MSGSEND = YES;
				GCC_C_LANGUAGE_STANDARD = gnu11;
				GCC_NO_COMMON_BLOCKS = YES;
				GCC_WARN_64_TO_32_BIT_CONVERSION = YES;
				GCC_WARN_ABOUT_RETURN_TYPE = YES_ERROR;
				GCC_WARN_UNDECLARED_SELECTOR = YES;
				GCC_WARN_UNINITIALIZED_AUTOS = YES_AGGRESSIVE;
				GCC_WARN_UNUSED_FUNCTION = YES;
				GCC_WARN_UNUSED_VARIABLE = YES;
				IPHONEOS_DEPLOYMENT_TARGET = 11.2;
				MTL_ENABLE_DEBUG_INFO = NO;
				SDKROOT = iphoneos;
				VALIDATE_PRODUCT = YES;
			};
			name = Release;
		};
		FAA4BBCE206621A4005859EA /* Debug */ = {
			isa = XCBuildConfiguration;
			buildSettings = {
				ASSETCATALOG_COMPILER_APPICON_NAME = AppIcon;
				CODE_SIGN_STYLE = Automatic;
				INFOPLIST_FILE = WeChatCode/Info.plist;
				LD_RUNPATH_SEARCH_PATHS = "$(inherited) @executable_path/Frameworks";
				PRODUCT_BUNDLE_IDENTIFIER = com.tingalex.WeChatCode;
				PRODUCT_NAME = "$(TARGET_NAME)";
				TARGETED_DEVICE_FAMILY = 1;
			};
			name = Debug;
		};
		FAA4BBCF206621A4005859EA /* Release */ = {
			isa = XCBuildConfiguration;
			buildSettings = {
				ASSETCATALOG_COMPILER_APPICON_NAME = AppIcon;
				CODE_SIGN_STYLE = Automatic;
				INFOPLIST_FILE = WeChatCode/Info.plist;
				LD_RUNPATH_SEARCH_PATHS = "$(inherited) @executable_path/Frameworks";
				PRODUCT_BUNDLE_IDENTIFIER = com.tingalex.WeChatCode;
				PRODUCT_NAME = "$(TARGET_NAME)";
				TARGETED_DEVICE_FAMILY = 1;
			};
			name = Release;
		};
		FAA4BBD1206621A4005859EA /* Debug */ = {
			isa = XCBuildConfiguration;
			buildSettings = {
				BUNDLE_LOADER = "$(TEST_HOST)";
				CODE_SIGN_STYLE = Automatic;
				INFOPLIST_FILE = WeChatCodeTests/Info.plist;
				LD_RUNPATH_SEARCH_PATHS = "$(inherited) @executable_path/Frameworks @loader_path/Frameworks";
				PRODUCT_BUNDLE_IDENTIFIER = com.tingalex.WeChatCodeTests;
				PRODUCT_NAME = "$(TARGET_NAME)";
				TARGETED_DEVICE_FAMILY = "1,2";
				TEST_HOST = "$(BUILT_PRODUCTS_DIR)/WeChatCode.app/WeChatCode";
			};
			name = Debug;
		};
		FAA4BBD2206621A4005859EA /* Release */ = {
			isa = XCBuildConfiguration;
			buildSettings = {
				BUNDLE_LOADER = "$(TEST_HOST)";
				CODE_SIGN_STYLE = Automatic;
				INFOPLIST_FILE = WeChatCodeTests/Info.plist;
				LD_RUNPATH_SEARCH_PATHS = "$(inherited) @executable_path/Frameworks @loader_path/Frameworks";
				PRODUCT_BUNDLE_IDENTIFIER = com.tingalex.WeChatCodeTests;
				PRODUCT_NAME = "$(TARGET_NAME)";
				TARGETED_DEVICE_FAMILY = "1,2";
				TEST_HOST = "$(BUILT_PRODUCTS_DIR)/WeChatCode.app/WeChatCode";
			};
			name = Release;
		};
		FAA4BBD4206621A4005859EA /* Debug */ = {
			isa = XCBuildConfiguration;
			buildSettings = {
				CODE_SIGN_STYLE = Automatic;
				INFOPLIST_FILE = WeChatCodeUITests/Info.plist;
				LD_RUNPATH_SEARCH_PATHS = "$(inherited) @executable_path/Frameworks @loader_path/Frameworks";
				PRODUCT_BUNDLE_IDENTIFIER = com.tingalex.WeChatCodeUITests;
				PRODUCT_NAME = "$(TARGET_NAME)";
				TARGETED_DEVICE_FAMILY = "1,2";
				TEST_TARGET_NAME = WeChatCode;
			};
			name = Debug;
		};
		FAA4BBD5206621A4005859EA /* Release */ = {
			isa = XCBuildConfiguration;
			buildSettings = {
				CODE_SIGN_STYLE = Automatic;
				INFOPLIST_FILE = WeChatCodeUITests/Info.plist;
				LD_RUNPATH_SEARCH_PATHS = "$(inherited) @executable_path/Frameworks @loader_path/Frameworks";
				PRODUCT_BUNDLE_IDENTIFIER = com.tingalex.WeChatCodeUITests;
				PRODUCT_NAME = "$(TARGET_NAME)";
				TARGETED_DEVICE_FAMILY = "1,2";
				TEST_TARGET_NAME = WeChatCode;
			};
			name = Release;
		};
/* End XCBuildConfiguration section */

/* Begin XCConfigurationList section */
		FAA4BB99206621A3005859EA /* Build configuration list for PBXProject "WeChatCode" */ = {
			isa = XCConfigurationList;
			buildConfigurations = (
				FAA4BBCB206621A4005859EA /* Debug */,
				FAA4BBCC206621A4005859EA /* Release */,
			);
			defaultConfigurationIsVisible = 0;
			defaultConfigurationName = Release;
		};
		FAA4BBCD206621A4005859EA /* Build configuration list for PBXNativeTarget "WeChatCode" */ = {
			isa = XCConfigurationList;
			buildConfigurations = (
				FAA4BBCE206621A4005859EA /* Debug */,
				FAA4BBCF206621A4005859EA /* Release */,
			);
			defaultConfigurationIsVisible = 0;
			defaultConfigurationName = Release;
		};
		FAA4BBD0206621A4005859EA /* Build configuration list for PBXNativeTarget "WeChatCodeTests" */ = {
			isa = XCConfigurationList;
			buildConfigurations = (
				FAA4BBD1206621A4005859EA /* Debug */,
				FAA4BBD2206621A4005859EA /* Release */,
			);
			defaultConfigurationIsVisible = 0;
			defaultConfigurationName = Release;
		};
		FAA4BBD3206621A4005859EA /* Build configuration list for PBXNativeTarget "WeChatCodeUITests" */ = {
			isa = XCConfigurationList;
			buildConfigurations = (
				FAA4BBD4206621A4005859EA /* Debug */,
				FAA4BBD5206621A4005859EA /* Release */,
			);
			defaultConfigurationIsVisible = 0;
			defaultConfigurationName = Release;
		};
/* End XCConfigurationList section */

/* Begin XCVersionGroup section */
		C4100F11A6426016A9FA68DD /* WeChatCode.xcdatamodeld */ = {
			isa = XCVersionGroup;
			children = (
				C41008C3B64D79387243D750 /* WeChatCode.xcdatamodel */,
			);
			currentVersion = C41008C3B64D79387243D750 /* WeChatCode.xcdatamodel */;
			path = WeChatCode.xcdatamodeld;
			sourceTree = "<group>";
			versionGroupType = wrapper.xcdatamodel;
		};
/* End XCVersionGroup section */
	};
	rootObject = FAA4BB96206621A3005859EA /* Project object */;
}
